<?xml version="1.0" encoding="utf-8"?>
<Project ToolsVersion="4.0" xmlns="http://schemas.microsoft.com/developer/msbuild/2003">
  <ItemGroup>
    <Filter Include="Source Files">
      <UniqueIdentifier>{4FC737F1-C7A5-4376-A066-2A32D752A2FF}</UniqueIdentifier>
      <Extensions>cpp;c;cc;cxx;c++;cppm;ixx;def;odl;idl;hpj;bat;asm;asmx</Extensions>
    </Filter>
    <Filter Include="Header Files">
      <UniqueIdentifier>{93995380-89BD-4b04-88EB-625FBE52EBFB}</UniqueIdentifier>
      <Extensions>h;hh;hpp;hxx;h++;hm;inl;inc;ipp;xsd</Extensions>
    </Filter>
    <Filter Include="Resource Files">
      <UniqueIdentifier>{67DA6AB6-F800-4c08-8B7A-83BB121AAD01}</UniqueIdentifier>
      <Extensions>rc;ico;cur;bmp;dlg;rc2;rct;bin;rgs;gif;jpg;jpeg;jpe;resx;tiff;tif;png;wav;mfcribbon-ms</Extensions>
    </Filter>
    <Filter Include="Source Files\Audio">
      <UniqueIdentifier>{1d86b81e-d368-441e-a16f-edab76933e69}</UniqueIdentifier>
    </Filter>
    <Filter Include="Source Files\Controls">
      <UniqueIdentifier>{fe871a50-b74b-4d0d-aaed-8ac1bcbf330d}</UniqueIdentifier>
    </Filter>
    <Filter Include="Source Files\Entity">
      <UniqueIdentifier>{3a63f28f-b230-4348-8689-781d695fb29d}</UniqueIdentifier>
    </Filter>
    <Filter Include="Source Files\Manager">
      <UniqueIdentifier>{78a63231-6241-4dbc-8804-a04979a4ad00}</UniqueIdentifier>
    </Filter>
    <Filter Include="Source Files\Main">
      <UniqueIdentifier>{65ffe834-ce6b-4aa3-ab63-6b3b10911b94}</UniqueIdentifier>
    </Filter>
    <Filter Include="Source Files\Renderer">
      <UniqueIdentifier>{0a33e37d-6e27-4630-983b-860219606616}</UniqueIdentifier>
    </Filter>
    <Filter Include="Source Files\Logic">
      <UniqueIdentifier>{155947b9-35e9-48ae-a78b-b5e3a408b760}</UniqueIdentifier>
    </Filter>
    <Filter Include="Source Files\Objects">
      <UniqueIdentifier>{4f9b2cb5-323b-470a-9c9c-85b07e479a4d}</UniqueIdentifier>
    </Filter>
    <Filter Include="Source Files\Text">
      <UniqueIdentifier>{3e3ec154-3aa4-43e0-9373-9f55350b94f0}</UniqueIdentifier>
    </Filter>
  </ItemGroup>
  <ItemGroup>
    <ClCompile Include="audio.cpp">
      <Filter>Source Files\Audio</Filter>
    </ClCompile>
    <ClCompile Include="controls.cpp">
      <Filter>Source Files\Controls</Filter>
    </ClCompile>
    <ClCompile Include="entitymanager.cpp">
      <Filter>Source Files\Entity</Filter>
    </ClCompile>
    <ClCompile Include="loadingprocess.cpp">
      <Filter>Source Files\Manager</Filter>
    </ClCompile>
    <ClCompile Include="processmanager.cpp">
      <Filter>Source Files\Manager</Filter>
    </ClCompile>
    <ClCompile Include="resourcemanager.cpp">
      <Filter>Source Files\Manager</Filter>
    </ClCompile>
    <ClCompile Include="stateManager.cpp">
      <Filter>Source Files\Manager</Filter>
    </ClCompile>
    <ClCompile Include="game.cpp">
      <Filter>Source Files\Main</Filter>
    </ClCompile>
    <ClCompile Include="main.cpp">
      <Filter>Source Files\Main</Filter>
    </ClCompile>
    <ClCompile Include="player.cpp">
      <Filter>Source Files\Entity</Filter>
    </ClCompile>
    <ClCompile Include="console.cpp">
      <Filter>Source Files\Logic</Filter>
    </ClCompile>
    <ClCompile Include="parallaxBackground.cpp">
      <Filter>Source Files\Objects</Filter>
    </ClCompile>
    <ClCompile Include="text.cpp">
      <Filter>Source Files\Text</Filter>
    </ClCompile>
    <ClCompile Include="renderer.cpp">
      <Filter>Source Files\Renderer</Filter>
    </ClCompile>
  </ItemGroup>
  <ItemGroup>
    <ClInclude Include="audio.h">
      <Filter>Source Files\Audio</Filter>
    </ClInclude>
    <ClInclude Include="controls.h">
      <Filter>Source Files\Controls</Filter>
    </ClInclude>
    <ClInclude Include="text.h">
      <Filter>Source Files\Text</Filter>
    </ClInclude>
    <ClInclude Include="entity.h">
      <Filter>Source Files\Entity</Filter>
    </ClInclude>
    <ClInclude Include="entitymanager.h">
      <Filter>Source Files\Entity</Filter>
    </ClInclude>
    <ClInclude Include="loadingprocess.h">
      <Filter>Source Files\Manager</Filter>
    </ClInclude>
    <ClInclude Include="stateManager.h">
      <Filter>Source Files\Manager</Filter>
    </ClInclude>
    <ClInclude Include="resourcemanager.h">
      <Filter>Source Files\Manager</Filter>
    </ClInclude>
    <ClInclude Include="processmanager.h">
      <Filter>Source Files\Manager</Filter>
    </ClInclude>
    <ClInclude Include="gameState.h">
      <Filter>Source Files\Manager</Filter>
    </ClInclude>
    <ClInclude Include="iprocess.h">
      <Filter>Source Files\Manager</Filter>
    </ClInclude>
    <ClInclude Include="global.h">
      <Filter>Source Files\Manager</Filter>
    </ClInclude>
    <ClInclude Include="game.h">
      <Filter>Source Files\Main</Filter>
    </ClInclude>
    <ClInclude Include="player.h">
      <Filter>Source Files\Entity</Filter>
    </ClInclude>
    <ClInclude Include="renderer.h">
      <Filter>Source Files\Renderer</Filter>
    </ClInclude>
    <ClInclude Include="console.h">
      <Filter>Source Files\Logic</Filter>
    </ClInclude>
    <ClInclude Include="parallaxBackground.h">
      <Filter>Source Files\Objects</Filter>
    </ClInclude>
  </ItemGroup>
</Project>